
Microsoft Visual Studio Solution File, Format Version 12.00
# Visual Studio Version 17
VisualStudioVersion = 17.9.34616.47
MinimumVisualStudioVersion = 10.0.40219.1
Project("{FAE04EC0-301F-11D3-BF4B-00C04F79EFBC}") = "EnemyEditor", "EnemyEditor\EnemyEditor.csproj", "{E56FCA7B-BE46-46E6-A9C6-1DFA8456B2CE}"
EndProject
Global
	GlobalSection(SolutionConfigurationPlatforms) = preSolution
		Debug|Any CPU = Debug|Any CPU
		Release|Any CPU = Release|Any CPU
	EndGlobalSection
	GlobalSection(ProjectConfigurationPlatforms) = postSolution
		{E56FCA7B-BE46-46E6-A9C6-1DFA8456B2CE}.Debug|Any CPU.ActiveCfg = Debug|Any CPU
		{E56FCA7B-BE46-46E6-A9C6-1DFA8456B2CE}.Debug|Any CPU.Build.0 = Debug|Any CPU
		{E56FCA7B-BE46-46E6-A9C6-1DFA8456B2CE}.Release|Any CPU.ActiveCfg = Release|Any CPU
		{E56FCA7B-BE46-46E6-A9C6-1DFA8456B2CE}.Release|Any CPU.Build.0 = Release|Any CPU
	EndGlobalSection
	GlobalSection(SolutionProperties) = preSolution
		HideSolutionNode = FALSE
	EndGlobalSection
	GlobalSection(ExtensibilityGlobals) = postSolution
		SolutionGuid = {63730400-F6BC-4BA4-97AF-C096516849BD}
	EndGlobalSection
EndGlobal
